
Microsoft Visual Studio Solution File, Format Version 12.00
# Visual Studio Version 17
VisualStudioVersion = 17.2.32602.215
MinimumVisualStudioVersion = 10.0.40219.1
Project("{FAE04EC0-301F-11D3-BF4B-00C04F79EFBC}") = "SalesWebMVC", "SalesWebMVC\SalesWebMVC.csproj", "{4AFD59AD-953F-4B98-AB51-C2963F842F83}"
EndProject
Global
	GlobalSection(SolutionConfigurationPlatforms) = preSolution
		Debug|Any CPU = Debug|Any CPU
		Release|Any CPU = Release|Any CPU
	EndGlobalSection
	GlobalSection(ProjectConfigurationPlatforms) = postSolution
		{4AFD59AD-953F-4B98-AB51-C2963F842F83}.Debug|Any CPU.ActiveCfg = Debug|Any CPU
		{4AFD59AD-953F-4B98-AB51-C2963F842F83}.Debug|Any CPU.Build.0 = Debug|Any CPU
		{4AFD59AD-953F-4B98-AB51-C2963F842F83}.Release|Any CPU.ActiveCfg = Release|Any CPU
		{4AFD59AD-953F-4B98-AB51-C2963F842F83}.Release|Any CPU.Build.0 = Release|Any CPU
	EndGlobalSection
	GlobalSection(SolutionProperties) = preSolution
		HideSolutionNode = FALSE
	EndGlobalSection
	GlobalSection(ExtensibilityGlobals) = postSolution
		SolutionGuid = {1601CC38-F6B8-4AC2-8478-EB715211886D}
	EndGlobalSection
EndGlobal
